// !$*UTF8*$!
{
	archiveVersion = 1;
	classes = {
	};
	objectVersion = 50;
	objects = {

/* Begin PBXBuildFile section */
		ACD17BB924418C5900B27242 /* AppDelegate.swift in Sources */ = {isa = PBXBuildFile; fileRef = ACD17BB824418C5900B27242 /* AppDelegate.swift */; };
		ACD17BBB24418C5900B27242 /* SceneDelegate.swift in Sources */ = {isa = PBXBuildFile; fileRef = ACD17BBA24418C5900B27242 /* SceneDelegate.swift */; };
		ACD17BBD24418C5900B27242 /* ContentView.swift in Sources */ = {isa = PBXBuildFile; fileRef = ACD17BBC24418C5900B27242 /* ContentView.swift */; };
		ACD17BBF24418C5E00B27242 /* Assets.xcassets in Resources */ = {isa = PBXBuildFile; fileRef = ACD17BBE24418C5E00B27242 /* Assets.xcassets */; };
		ACD17BC224418C5E00B27242 /* Preview Assets.xcassets in Resources */ = {isa = PBXBuildFile; fileRef = ACD17BC124418C5E00B27242 /* Preview Assets.xcassets */; };
		ACD17BC524418C5E00B27242 /* LaunchScreen.storyboard in Resources */ = {isa = PBXBuildFile; fileRef = ACD17BC324418C5E00B27242 /* LaunchScreen.storyboard */; };
		ACD17BD024418C5E00B27242 /* SwiftUIPracticeTests.swift in Sources */ = {isa = PBXBuildFile; fileRef = ACD17BCF24418C5E00B27242 /* SwiftUIPracticeTests.swift */; };
		ACD17BDB24418C5E00B27242 /* SwiftUIPracticeUITests.swift in Sources */ = {isa = PBXBuildFile; fileRef = ACD17BDA24418C5E00B27242 /* SwiftUIPracticeUITests.swift */; };
		ACD17BEA2441905B00B27242 /* PostCell.swift in Sources */ = {isa = PBXBuildFile; fileRef = ACD17BE92441905B00B27242 /* PostCell.swift */; };
/* End PBXBuildFile section */

/* Begin PBXContainerItemProxy section */
		ACD17BCC24418C5E00B27242 /* PBXContainerItemProxy */ = {
			isa = PBXContainerItemProxy;
			containerPortal = ACD17BAD24418C5900B27242 /* Project object */;
			proxyType = 1;
			remoteGlobalIDString = ACD17BB424418C5900B27242;
			remoteInfo = SwiftUIPractice;
		};
		ACD17BD724418C5E00B27242 /* PBXContainerItemProxy */ = {
			isa = PBXContainerItemProxy;
			containerPortal = ACD17BAD24418C5900B27242 /* Project object */;
			proxyType = 1;
			remoteGlobalIDString = ACD17BB424418C5900B27242;
			remoteInfo = SwiftUIPractice;
		};
/* End PBXContainerItemProxy section */

/* Begin PBXFileReference section */
		ACD17BB524418C5900B27242 /* SwiftUIPractice.app */ = {isa = PBXFileReference; explicitFileType = wrapper.application; includeInIndex = 0; path = SwiftUIPractice.app; sourceTree = BUILT_PRODUCTS_DIR; };
		ACD17BB824418C5900B27242 /* AppDelegate.swift */ = {isa = PBXFileReference; lastKnownFileType = sourcecode.swift; path = AppDelegate.swift; sourceTree = "<group>"; };
		ACD17BBA24418C5900B27242 /* SceneDelegate.swift */ = {isa = PBXFileReference; lastKnownFileType = sourcecode.swift; path = SceneDelegate.swift; sourceTree = "<group>"; };
		ACD17BBC24418C5900B27242 /* ContentView.swift */ = {isa = PBXFileReference; lastKnownFileType = sourcecode.swift; path = ContentView.swift; sourceTree = "<group>"; };
		ACD17BBE24418C5E00B27242 /* Assets.xcassets */ = {isa = PBXFileReference; lastKnownFileType = folder.assetcatalog; path = Assets.xcassets; sourceTree = "<group>"; };
		ACD17BC124418C5E00B27242 /* Preview Assets.xcassets */ = {isa = PBXFileReference; lastKnownFileType = folder.assetcatalog; path = "Preview Assets.xcassets"; sourceTree = "<group>"; };
		ACD17BC424418C5E00B27242 /* Base */ = {isa = PBXFileReference; lastKnownFileType = file.storyboard; name = Base; path = Base.lproj/LaunchScreen.storyboard; sourceTree = "<group>"; };
		ACD17BC624418C5E00B27242 /* Info.plist */ = {isa = PBXFileReference; lastKnownFileType = text.plist.xml; path = Info.plist; sourceTree = "<group>"; };
		ACD17BCB24418C5E00B27242 /* SwiftUIPracticeTests.xctest */ = {isa = PBXFileReference; explicitFileType = wrapper.cfbundle; includeInIndex = 0; path = SwiftUIPracticeTests.xctest; sourceTree = BUILT_PRODUCTS_DIR; };
		ACD17BCF24418C5E00B27242 /* SwiftUIPracticeTests.swift */ = {isa = PBXFileReference; lastKnownFileType = sourcecode.swift; path = SwiftUIPracticeTests.swift; sourceTree = "<group>"; };
		ACD17BD124418C5E00B27242 /* Info.plist */ = {isa = PBXFileReference; lastKnownFileType = text.plist.xml; path = Info.plist; sourceTree = "<group>"; };
		ACD17BD624418C5E00B27242 /* SwiftUIPracticeUITests.xctest */ = {isa = PBXFileReference; explicitFileType = wrapper.cfbundle; includeInIndex = 0; path = SwiftUIPracticeUITests.xctest; sourceTree = BUILT_PRODUCTS_DIR; };
		ACD17BDA24418C5E00B27242 /* SwiftUIPracticeUITests.swift */ = {isa = PBXFileReference; lastKnownFileType = sourcecode.swift; path = SwiftUIPracticeUITests.swift; sourceTree = "<group>"; };
		ACD17BDC24418C5E00B27242 /* Info.plist */ = {isa = PBXFileReference; lastKnownFileType = text.plist.xml; path = Info.plist; sourceTree = "<group>"; };
		ACD17BE92441905B00B27242 /* PostCell.swift */ = {isa = PBXFileReference; lastKnownFileType = sourcecode.swift; path = PostCell.swift; sourceTree = "<group>"; };
/* End PBXFileReference section */

/* Begin PBXFrameworksBuildPhase section */
		ACD17BB224418C5900B27242 /* Frameworks */ = {
			isa = PBXFrameworksBuildPhase;
			buildActionMask = 2147483647;
			files = (
			);
			runOnlyForDeploymentPostprocessing = 0;
		};
		ACD17BC824418C5E00B27242 /* Frameworks */ = {
			isa = PBXFrameworksBuildPhase;
			buildActionMask = 2147483647;
			files = (
			);
			runOnlyForDeploymentPostprocessing = 0;
		};
		ACD17BD324418C5E00B27242 /* Frameworks */ = {
			isa = PBXFrameworksBuildPhase;
			buildActionMask = 2147483647;
			files = (
			);
			runOnlyForDeploymentPostprocessing = 0;
		};
/* End PBXFrameworksBuildPhase section */

/* Begin PBXGroup section */
		ACD17BAC24418C5900B27242 = {
			isa = PBXGroup;
			children = (
				ACD17BB724418C5900B27242 /* SwiftUIPractice */,
				ACD17BCE24418C5E00B27242 /* SwiftUIPracticeTests */,
				ACD17BD924418C5E00B27242 /* SwiftUIPracticeUITests */,
				ACD17BB624418C5900B27242 /* Products */,
			);
			sourceTree = "<group>";
		};
		ACD17BB624418C5900B27242 /* Products */ = {
			isa = PBXGroup;
			children = (
				ACD17BB524418C5900B27242 /* SwiftUIPractice.app */,
				ACD17BCB24418C5E00B27242 /* SwiftUIPracticeTests.xctest */,
				ACD17BD624418C5E00B27242 /* SwiftUIPracticeUITests.xctest */,
			);
			name = Products;
			sourceTree = "<group>";
		};
		ACD17BB724418C5900B27242 /* SwiftUIPractice */ = {
			isa = PBXGroup;
			children = (
				ACD17BE82441903F00B27242 /* Views */,
				ACD17BB824418C5900B27242 /* AppDelegate.swift */,
				ACD17BBA24418C5900B27242 /* SceneDelegate.swift */,
				ACD17BBC24418C5900B27242 /* ContentView.swift */,
				ACD17BBE24418C5E00B27242 /* Assets.xcassets */,
				ACD17BC324418C5E00B27242 /* LaunchScreen.storyboard */,
				ACD17BC624418C5E00B27242 /* Info.plist */,
				ACD17BC024418C5E00B27242 /* Preview Content */,
			);
			path = SwiftUIPractice;
			sourceTree = "<group>";
		};
		ACD17BC024418C5E00B27242 /* Preview Content */ = {
			isa = PBXGroup;
			children = (
				ACD17BC124418C5E00B27242 /* Preview Assets.xcassets */,
			);
			path = "Preview Content";
			sourceTree = "<group>";
		};
		ACD17BCE24418C5E00B27242 /* SwiftUIPracticeTests */ = {
			isa = PBXGroup;
			children = (
				ACD17BCF24418C5E00B27242 /* SwiftUIPracticeTests.swift */,
				ACD17BD124418C5E00B27242 /* Info.plist */,
			);
			path = SwiftUIPracticeTests;
			sourceTree = "<group>";
		};
		ACD17BD924418C5E00B27242 /* SwiftUIPracticeUITests */ = {
			isa = PBXGroup;
			children = (
				ACD17BDA24418C5E00B27242 /* SwiftUIPracticeUITests.swift */,
				ACD17BDC24418C5E00B27242 /* Info.plist */,
			);
			path = SwiftUIPracticeUITests;
			sourceTree = "<group>";
		};
		ACD17BE82441903F00B27242 /* Views */ = {
			isa = PBXGroup;
			children = (
				ACD17BE92441905B00B27242 /* PostCell.swift */,
			);
			path = Views;
			sourceTree = "<group>";
		};
/* End PBXGroup section */

/* Begin PBXNativeTarget section */
		ACD17BB424418C5900B27242 /* SwiftUIPractice */ = {
			isa = PBXNativeTarget;
			buildConfigurationList = ACD17BDF24418C5E00B27242 /* Build configuration list for PBXNativeTarget "SwiftUIPractice" */;
			buildPhases = (
				ACD17BB124418C5900B27242 /* Sources */,
				ACD17BB224418C5900B27242 /* Frameworks */,
				ACD17BB324418C5900B27242 /* Resources */,
			);
			buildRules = (
			);
			dependencies = (
			);
			name = SwiftUIPractice;
			productName = SwiftUIPractice;
			productReference = ACD17BB524418C5900B27242 /* SwiftUIPractice.app */;
			productType = "com.apple.product-type.application";
		};
		ACD17BCA24418C5E00B27242 /* SwiftUIPracticeTests */ = {
			isa = PBXNativeTarget;
			buildConfigurationList = ACD17BE224418C5E00B27242 /* Build configuration list for PBXNativeTarget "SwiftUIPracticeTests" */;
			buildPhases = (
				ACD17BC724418C5E00B27242 /* Sources */,
				ACD17BC824418C5E00B27242 /* Frameworks */,
				ACD17BC924418C5E00B27242 /* Resources */,
			);
			buildRules = (
			);
			dependencies = (
				ACD17BCD24418C5E00B27242 /* PBXTargetDependency */,
			);
			name = SwiftUIPracticeTests;
			productName = SwiftUIPracticeTests;
			productReference = ACD17BCB24418C5E00B27242 /* SwiftUIPracticeTests.xctest */;
			productType = "com.apple.product-type.bundle.unit-test";
		};
		ACD17BD524418C5E00B27242 /* SwiftUIPracticeUITests */ = {
			isa = PBXNativeTarget;
			buildConfigurationList = ACD17BE524418C5E00B27242 /* Build configuration list for PBXNativeTarget "SwiftUIPracticeUITests" */;
			buildPhases = (
				ACD17BD224418C5E00B27242 /* Sources */,
				ACD17BD324418C5E00B27242 /* Frameworks */,
				ACD17BD424418C5E00B27242 /* Resources */,
			);
			buildRules = (
			);
			dependencies = (
				ACD17BD824418C5E00B27242 /* PBXTargetDependency */,
			);
			name = SwiftUIPracticeUITests;
			productName = SwiftUIPracticeUITests;
			productReference = ACD17BD624418C5E00B27242 /* SwiftUIPracticeUITests.xctest */;
			productType = "com.apple.product-type.bundle.ui-testing";
		};
/* End PBXNativeTarget section */

/* Begin PBXProject section */
		ACD17BAD24418C5900B27242 /* Project object */ = {
			isa = PBXProject;
			attributes = {
				LastSwiftUpdateCheck = 1140;
				LastUpgradeCheck = 1140;
				ORGANIZATIONNAME = lizhu;
				TargetAttributes = {
					ACD17BB424418C5900B27242 = {
						CreatedOnToolsVersion = 11.4;
					};
					ACD17BCA24418C5E00B27242 = {
						CreatedOnToolsVersion = 11.4;
						TestTargetID = ACD17BB424418C5900B27242;
					};
					ACD17BD524418C5E00B27242 = {
						CreatedOnToolsVersion = 11.4;
						TestTargetID = ACD17BB424418C5900B27242;
					};
				};
			};
			buildConfigurationList = ACD17BB024418C5900B27242 /* Build configuration list for PBXProject "SwiftUIPractice" */;
			compatibilityVersion = "Xcode 9.3";
			developmentRegion = en;
			hasScannedForEncodings = 0;
			knownRegions = (
				en,
				Base,
			);
			mainGroup = ACD17BAC24418C5900B27242;
			productRefGroup = ACD17BB624418C5900B27242 /* Products */;
			projectDirPath = "";
			projectRoot = "";
			targets = (
				ACD17BB424418C5900B27242 /* SwiftUIPractice */,
				ACD17BCA24418C5E00B27242 /* SwiftUIPracticeTests */,
				ACD17BD524418C5E00B27242 /* SwiftUIPracticeUITests */,
			);
		};
/* End PBXProject section */

/* Begin PBXResourcesBuildPhase section */
		ACD17BB324418C5900B27242 /* Resources */ = {
			isa = PBXResourcesBuildPhase;
			buildActionMask = 2147483647;
			files = (
				ACD17BC524418C5E00B27242 /* LaunchScreen.storyboard in Resources */,
				ACD17BC224418C5E00B27242 /* Preview Assets.xcassets in Resources */,
				ACD17BBF24418C5E00B27242 /* Assets.xcassets in Resources */,
			);
			runOnlyForDeploymentPostprocessing = 0;
		};
		ACD17BC924418C5E00B27242 /* Resources */ = {
			isa = PBXResourcesBuildPhase;
			buildActionMask = 2147483647;
			files = (
			);
			runOnlyForDeploymentPostprocessing = 0;
		};
		ACD17BD424418C5E00B27242 /* Resources */ = {
			isa = PBXResourcesBuildPhase;
			buildActionMask = 2147483647;
			files = (
			);
			runOnlyForDeploymentPostprocessing = 0;
		};
/* End PBXResourcesBuildPhase section */

/* Begin PBXSourcesBuildPhase section */
		ACD17BB124418C5900B27242 /* Sources */ = {
			isa = PBXSourcesBuildPhase;
			buildActionMask = 2147483647;
			files = (
				ACD17BB924418C5900B27242 /* AppDelegate.swift in Sources */,
				ACD17BBB24418C5900B27242 /* SceneDelegate.swift in Sources */,
				ACD17BBD24418C5900B27242 /* ContentView.swift in Sources */,
				ACD17BEA2441905B00B27242 /* PostCell.swift in Sources */,
			);
			runOnlyForDeploymentPostprocessing = 0;
		};
		ACD17BC724418C5E00B27242 /* Sources */ = {
			isa = PBXSourcesBuildPhase;
			buildActionMask = 2147483647;
			files = (
				ACD17BD024418C5E00B27242 /* SwiftUIPracticeTests.swift in Sources */,
			);
			runOnlyForDeploymentPostprocessing = 0;
		};
		ACD17BD224418C5E00B27242 /* Sources */ = {
			isa = PBXSourcesBuildPhase;
			buildActionMask = 2147483647;
			files = (
				ACD17BDB24418C5E00B27242 /* SwiftUIPracticeUITests.swift in Sources */,
			);
			runOnlyForDeploymentPostprocessing = 0;
		};
/* End PBXSourcesBuildPhase section */

/* Begin PBXTargetDependency section */
		ACD17BCD24418C5E00B27242 /* PBXTargetDependency */ = {
			isa = PBXTargetDependency;
			target = ACD17BB424418C5900B27242 /* SwiftUIPractice */;
			targetProxy = ACD17BCC24418C5E00B27242 /* PBXContainerItemProxy */;
		};
		ACD17BD824418C5E00B27242 /* PBXTargetDependency */ = {
			isa = PBXTargetDependency;
			target = ACD17BB424418C5900B27242 /* SwiftUIPractice */;
			targetProxy = ACD17BD724418C5E00B27242 /* PBXContainerItemProxy */;
		};
/* End PBXTargetDependency section */

/* Begin PBXVariantGroup section */
		ACD17BC324418C5E00B27242 /* LaunchScreen.storyboard */ = {
			isa = PBXVariantGroup;
			children = (
				ACD17BC424418C5E00B27242 /* Base */,
			);
			name = LaunchScreen.storyboard;
			sourceTree = "<group>";
		};
/* End PBXVariantGroup section */

/* Begin XCBuildConfiguration section */
		ACD17BDD24418C5E00B27242 /* Debug */ = {
			isa = XCBuildConfiguration;
			buildSettings = {
				ALWAYS_SEARCH_USER_PATHS = NO;
				CLANG_ANALYZER_NONNULL = YES;
				CLANG_ANALYZER_NUMBER_OBJECT_CONVERSION = YES_AGGRESSIVE;
				CLANG_CXX_LANGUAGE_STANDARD = "gnu++14";
				CLANG_CXX_LIBRARY = "libc++";
				CLANG_ENABLE_MODULES = YES;
				CLANG_ENABLE_OBJC_ARC = YES;
				CLANG_ENABLE_OBJC_WEAK = YES;
				CLANG_WARN_BLOCK_CAPTURE_AUTORELEASING = YES;
				CLANG_WARN_BOOL_CONVERSION = YES;
				CLANG_WARN_COMMA = YES;
				CLANG_WARN_CONSTANT_CONVERSION = YES;
				CLANG_WARN_DEPRECATED_OBJC_IMPLEMENTATIONS = YES;
				CLANG_WARN_DIRECT_OBJC_ISA_USAGE = YES_ERROR;
				CLANG_WARN_DOCUMENTATION_COMMENTS = YES;
				CLANG_WARN_EMPTY_BODY = YES;
				CLANG_WARN_ENUM_CONVERSION = YES;
				CLANG_WARN_INFINITE_RECURSION = YES;
				CLANG_WARN_INT_CONVERSION = YES;
				CLANG_WARN_NON_LITERAL_NULL_CONVERSION = YES;
				CLANG_WARN_OBJC_IMPLICIT_RETAIN_SELF = YES;
				CLANG_WARN_OBJC_LITERAL_CONVERSION = YES;
				CLANG_WARN_OBJC_ROOT_CLASS = YES_ERROR;
				CLANG_WARN_RANGE_LOOP_ANALYSIS = YES;
				CLANG_WARN_STRICT_PROTOTYPES = YES;
				CLANG_WARN_SUSPICIOUS_MOVE = YES;
				CLANG_WARN_UNGUARDED_AVAILABILITY = YES_AGGRESSIVE;
				CLANG_WARN_UNREACHABLE_CODE = YES;
				CLANG_WARN__DUPLICATE_METHOD_MATCH = YES;
				COPY_PHASE_STRIP = NO;
				DEBUG_INFORMATION_FORMAT = dwarf;
				ENABLE_STRICT_OBJC_MSGSEND = YES;
				ENABLE_TESTABILITY = YES;
				GCC_C_LANGUAGE_STANDARD = gnu11;
				GCC_DYNAMIC_NO_PIC = NO;
				GCC_NO_COMMON_BLOCKS = YES;
				GCC_OPTIMIZATION_LEVEL = 0;
				GCC_PREPROCESSOR_DEFINITIONS = (
					"DEBUG=1",
					"$(inherited)",
				);
				GCC_WARN_64_TO_32_BIT_CONVERSION = YES;
				GCC_WARN_ABOUT_RETURN_TYPE = YES_ERROR;
				GCC_WARN_UNDECLARED_SELECTOR = YES;
				GCC_WARN_UNINITIALIZED_AUTOS = YES_AGGRESSIVE;
				GCC_WARN_UNUSED_FUNCTION = YES;
				GCC_WARN_UNUSED_VARIABLE = YES;
				IPHONEOS_DEPLOYMENT_TARGET = 13.4;
				MTL_ENABLE_DEBUG_INFO = INCLUDE_SOURCE;
				MTL_FAST_MATH = YES;
				ONLY_ACTIVE_ARCH = YES;
				SDKROOT = iphoneos;
				SWIFT_ACTIVE_COMPILATION_CONDITIONS = DEBUG;
				SWIFT_OPTIMIZATION_LEVEL = "-Onone";
			};
			name = Debug;
		};
		ACD17BDE24418C5E00B27242 /* Release */ = {
			isa = XCBuildConfiguration;
			buildSettings = {
				ALWAYS_SEARCH_USER_PATHS = NO;
				CLANG_ANALYZER_NONNULL = YES;
				CLANG_ANALYZER_NUMBER_OBJECT_CONVERSION = YES_AGGRESSIVE;
				CLANG_CXX_LANGUAGE_STANDARD = "gnu++14";
				CLANG_CXX_LIBRARY = "libc++";
				CLANG_ENABLE_MODULES = YES;
				CLANG_ENABLE_OBJC_ARC = YES;
				CLANG_ENABLE_OBJC_WEAK = YES;
				CLANG_WARN_BLOCK_CAPTURE_AUTORELEASING = YES;
				CLANG_WARN_BOOL_CONVERSION = YES;
				CLANG_WARN_COMMA = YES;
				CLANG_WARN_CONSTANT_CONVERSION = YES;
				CLANG_WARN_DEPRECATED_OBJC_IMPLEMENTATIONS = YES;
				CLANG_WARN_DIRECT_OBJC_ISA_USAGE = YES_ERROR;
				CLANG_WARN_DOCUMENTATION_COMMENTS = YES;
				CLANG_WARN_EMPTY_BODY = YES;
				CLANG_WARN_ENUM_CONVERSION = YES;
				CLANG_WARN_INFINITE_RECURSION = YES;
				CLANG_WARN_INT_CONVERSION = YES;
				CLANG_WARN_NON_LITERAL_NULL_CONVERSION = YES;
				CLANG_WARN_OBJC_IMPLICIT_RETAIN_SELF = YES;
				CLANG_WARN_OBJC_LITERAL_CONVERSION = YES;
				CLANG_WARN_OBJC_ROOT_CLASS = YES_ERROR;
				CLANG_WARN_RANGE_LOOP_ANALYSIS = YES;
				CLANG_WARN_STRICT_PROTOTYPES = YES;
				CLANG_WARN_SUSPICIOUS_MOVE = YES;
				CLANG_WARN_UNGUARDED_AVAILABILITY = YES_AGGRESSIVE;
				CLANG_WARN_UNREACHABLE_CODE = YES;
				CLANG_WARN__DUPLICATE_METHOD_MATCH = YES;
				COPY_PHASE_STRIP = NO;
				DEBUG_INFORMATION_FORMAT = "dwarf-with-dsym";
				ENABLE_NS_ASSERTIONS = NO;
				ENABLE_STRICT_OBJC_MSGSEND = YES;
				GCC_C_LANGUAGE_STANDARD = gnu11;
				GCC_NO_COMMON_BLOCKS = YES;
				GCC_WARN_64_TO_32_BIT_CONVERSION = YES;
				GCC_WARN_ABOUT_RETURN_TYPE = YES_ERROR;
				GCC_WARN_UNDECLARED_SELECTOR = YES;
				GCC_WARN_UNINITIALIZED_AUTOS = YES_AGGRESSIVE;
				GCC_WARN_UNUSED_FUNCTION = YES;
				GCC_WARN_UNUSED_VARIABLE = YES;
				IPHONEOS_DEPLOYMENT_TARGET = 13.4;
				MTL_ENABLE_DEBUG_INFO = NO;
				MTL_FAST_MATH = YES;
				SDKROOT = iphoneos;
				SWIFT_COMPILATION_MODE = wholemodule;
				SWIFT_OPTIMIZATION_LEVEL = "-O";
				VALIDATE_PRODUCT = YES;
			};
			name = Release;
		};
		ACD17BE024418C5E00B27242 /* Debug */ = {
			isa = XCBuildConfiguration;
			buildSettings = {
				ASSETCATALOG_COMPILER_APPICON_NAME = AppIcon;
				CODE_SIGN_STYLE = Automatic;
				DEVELOPMENT_ASSET_PATHS = "\"SwiftUIPractice/Preview Content\"";
				DEVELOPMENT_TEAM = BB32Z2HJJY;
				ENABLE_PREVIEWS = YES;
				INFOPLIST_FILE = SwiftUIPractice/Info.plist;
				LD_RUNPATH_SEARCH_PATHS = (
					"$(inherited)",
					"@executable_path/Frameworks",
				);
				PRODUCT_BUNDLE_IDENTIFIER = com.zhuli8.SwiftUIPractice;
				PRODUCT_NAME = "$(TARGET_NAME)";
				SWIFT_VERSION = 5.0;
				TARGETED_DEVICE_FAMILY = "1,2";
			};
			name = Debug;
		};
		ACD17BE124418C5E00B27242 /* Release */ = {
			isa = XCBuildConfiguration;
			buildSettings = {
				ASSETCATALOG_COMPILER_APPICON_NAME = AppIcon;
				CODE_SIGN_STYLE = Automatic;
				DEVELOPMENT_ASSET_PATHS = "\"SwiftUIPractice/Preview Content\"";
				DEVELOPMENT_TEAM = BB32Z2HJJY;
				ENABLE_PREVIEWS = YES;
				INFOPLIST_FILE = SwiftUIPractice/Info.plist;
				LD_RUNPATH_SEARCH_PATHS = (
					"$(inherited)",
					"@executable_path/Frameworks",
				);
				PRODUCT_BUNDLE_IDENTIFIER = com.zhuli8.SwiftUIPractice;
				PRODUCT_NAME = "$(TARGET_NAME)";
				SWIFT_VERSION = 5.0;
				TARGETED_DEVICE_FAMILY = "1,2";
			};
			name = Release;
		};
		ACD17BE324418C5E00B27242 /* Debug */ = {
			isa = XCBuildConfiguration;
			buildSettings = {
				ALWAYS_EMBED_SWIFT_STANDARD_LIBRARIES = YES;
				BUNDLE_LOADER = "$(TEST_HOST)";
				CODE_SIGN_STYLE = Automatic;
				DEVELOPMENT_TEAM = BB32Z2HJJY;
				INFOPLIST_FILE = SwiftUIPracticeTests/Info.plist;
				IPHONEOS_DEPLOYMENT_TARGET = 13.4;
				LD_RUNPATH_SEARCH_PATHS = (
					"$(inherited)",
					"@executable_path/Frameworks",
					"@loader_path/Frameworks",
				);
				PRODUCT_BUNDLE_IDENTIFIER = com.zhuli8.SwiftUIPracticeTests;
				PRODUCT_NAME = "$(TARGET_NAME)";
				SWIFT_VERSION = 5.0;
				TARGETED_DEVICE_FAMILY = "1,2";
				TEST_HOST = "$(BUILT_PRODUCTS_DIR)/SwiftUIPractice.app/SwiftUIPractice";
			};
			name = Debug;
		};
		ACD17BE424418C5E00B27242 /* Release */ = {
			isa = XCBuildConfiguration;
			buildSettings = {
				ALWAYS_EMBED_SWIFT_STANDARD_LIBRARIES = YES;
				BUNDLE_LOADER = "$(TEST_HOST)";
				CODE_SIGN_STYLE = Automatic;
				DEVELOPMENT_TEAM = BB32Z2HJJY;
				INFOPLIST_FILE = SwiftUIPracticeTests/Info.plist;
				IPHONEOS_DEPLOYMENT_TARGET = 13.4;
				LD_RUNPATH_SEARCH_PATHS = (
					"$(inherited)",
					"@executable_path/Frameworks",
					"@loader_path/Frameworks",
				);
				PRODUCT_BUNDLE_IDENTIFIER = com.zhuli8.SwiftUIPracticeTests;
				PRODUCT_NAME = "$(TARGET_NAME)";
				SWIFT_VERSION = 5.0;
				TARGETED_DEVICE_FAMILY = "1,2";
				TEST_HOST = "$(BUILT_PRODUCTS_DIR)/SwiftUIPractice.app/SwiftUIPractice";
			};
			name = Release;
		};
		ACD17BE624418C5E00B27242 /* Debug */ = {
			isa = XCBuildConfiguration;
			buildSettings = {
				ALWAYS_EMBED_SWIFT_STANDARD_LIBRARIES = YES;
				CODE_SIGN_STYLE = Automatic;
				DEVELOPMENT_TEAM = BB32Z2HJJY;
				INFOPLIST_FILE = SwiftUIPracticeUITests/Info.plist;
				LD_RUNPATH_SEARCH_PATHS = (
					"$(inherited)",
					"@executable_path/Frameworks",
					"@loader_path/Frameworks",
				);
				PRODUCT_BUNDLE_IDENTIFIER = com.zhuli8.SwiftUIPracticeUITests;
				PRODUCT_NAME = "$(TARGET_NAME)";
				SWIFT_VERSION = 5.0;
				TARGETED_DEVICE_FAMILY = "1,2";
				TEST_TARGET_NAME = SwiftUIPractice;
			};
			name = Debug;
		};
		ACD17BE724418C5E00B27242 /* Release */ = {
			isa = XCBuildConfiguration;
			buildSettings = {
				ALWAYS_EMBED_SWIFT_STANDARD_LIBRARIES = YES;
				CODE_SIGN_STYLE = Automatic;
				DEVELOPMENT_TEAM = BB32Z2HJJY;
				INFOPLIST_FILE = SwiftUIPracticeUITests/Info.plist;
				LD_RUNPATH_SEARCH_PATHS = (
					"$(inherited)",
					"@executable_path/Frameworks",
					"@loader_path/Frameworks",
				);
				PRODUCT_BUNDLE_IDENTIFIER = com.zhuli8.SwiftUIPracticeUITests;
				PRODUCT_NAME = "$(TARGET_NAME)";
				SWIFT_VERSION = 5.0;
				TARGETED_DEVICE_FAMILY = "1,2";
				TEST_TARGET_NAME = SwiftUIPractice;
			};
			name = Release;
		};
/* End XCBuildConfiguration section */

/* Begin XCConfigurationList section */
		ACD17BB024418C5900B27242 /* Build configuration list for PBXProject "SwiftUIPractice" */ = {
			isa = XCConfigurationList;
			buildConfigurations = (
				ACD17BDD24418C5E00B27242 /* Debug */,
				ACD17BDE24418C5E00B27242 /* Release */,
			);
			defaultConfigurationIsVisible = 0;
			defaultConfigurationName = Release;
		};
		ACD17BDF24418C5E00B27242 /* Build configuration list for PBXNativeTarget "SwiftUIPractice" */ = {
			isa = XCConfigurationList;
			buildConfigurations = (
				ACD17BE024418C5E00B27242 /* Debug */,
				ACD17BE124418C5E00B27242 /* Release */,
			);
			defaultConfigurationIsVisible = 0;
			defaultConfigurationName = Release;
		};
		ACD17BE224418C5E00B27242 /* Build configuration list for PBXNativeTarget "SwiftUIPracticeTests" */ = {
			isa = XCConfigurationList;
			buildConfigurations = (
				ACD17BE324418C5E00B27242 /* Debug */,
				ACD17BE424418C5E00B27242 /* Release */,
			);
			defaultConfigurationIsVisible = 0;
			defaultConfigurationName = Release;
		};
		ACD17BE524418C5E00B27242 /* Build configuration list for PBXNativeTarget "SwiftUIPracticeUITests" */ = {
			isa = XCConfigurationList;
			buildConfigurations = (
				ACD17BE624418C5E00B27242 /* Debug */,
				ACD17BE724418C5E00B27242 /* Release */,
			);
			defaultConfigurationIsVisible = 0;
			defaultConfigurationName = Release;
		};
/* End XCConfigurationList section */
	};
	rootObject = ACD17BAD24418C5900B27242 /* Project object */;
}
